// !$*UTF8*$!
{
	archiveVersion = 1;
	classes = {
	};
	objectVersion = 77;
	objects = {

/* Begin PBXBuildFile section */
		AE104D082D6A18D900028254 /* FirebaseAnalytics in Frameworks */ = {isa = PBXBuildFile; productRef = AE3457492D6890E10077DFD1 /* FirebaseAnalytics */; };
		AE104D092D6A18D900028254 /* FirebaseAnalyticsOnDeviceConversion in Frameworks */ = {isa = PBXBuildFile; productRef = AE34574B2D6890E10077DFD1 /* FirebaseAnalyticsOnDeviceConversion */; };
		AE104D0A2D6A18D900028254 /* FirebaseAnalyticsWithoutAdIdSupport in Frameworks */ = {isa = PBXBuildFile; productRef = AE34574D2D6890E10077DFD1 /* FirebaseAnalyticsWithoutAdIdSupport */; };
		AE104D0B2D6A18D900028254 /* FirebaseAppCheck in Frameworks */ = {isa = PBXBuildFile; productRef = AE34574F2D6890E10077DFD1 /* FirebaseAppCheck */; };
		AE104D0C2D6A18D900028254 /* FirebaseAppDistribution-Beta in Frameworks */ = {isa = PBXBuildFile; productRef = AE3457512D6890E10077DFD1 /* FirebaseAppDistribution-Beta */; };
		AE104D1D2D6A193F00028254 /* FirebaseAuth in Frameworks */ = {isa = PBXBuildFile; productRef = AE104D1C2D6A193F00028254 /* FirebaseAuth */; };
		AE3457152D688FCE0077DFD1 /* Assets.xcassets in Resources */ = {isa = PBXBuildFile; fileRef = AE3457142D688FCE0077DFD1 /* Assets.xcassets */; };
		AE361BBB2D6A17AE002CBDFE /* GoogleService-Info.plist in Resources */ = {isa = PBXBuildFile; fileRef = AE361BBA2D6A17AE002CBDFE /* GoogleService-Info.plist */; };
		AE47F9DA2D6B2C5200378B68 /* Inter-VariableFont_opsz,wght.ttf in Resources */ = {isa = PBXBuildFile; fileRef = AE47F9D92D6B2C5200378B68 /* Inter-VariableFont_opsz,wght.ttf */; };
/* End PBXBuildFile section */

/* Begin PBXContainerItemProxy section */
		AE34571E2D688FCE0077DFD1 /* PBXContainerItemProxy */ = {
			isa = PBXContainerItemProxy;
			containerPortal = AE3457052D688FCD0077DFD1 /* Project object */;
			proxyType = 1;
			remoteGlobalIDString = AE34570C2D688FCD0077DFD1;
			remoteInfo = Eventorias;
		};
/* End PBXContainerItemProxy section */

/* Begin PBXFileReference section */
		AE34570D2D688FCD0077DFD1 /* Eventorias.app */ = {isa = PBXFileReference; explicitFileType = wrapper.application; includeInIndex = 0; path = Eventorias.app; sourceTree = BUILT_PRODUCTS_DIR; };
		AE3457142D688FCE0077DFD1 /* Assets.xcassets */ = {isa = PBXFileReference; lastKnownFileType = folder.assetcatalog; path = Assets.xcassets; sourceTree = "<group>"; };
		AE34571D2D688FCE0077DFD1 /* EventoriasTests.xctest */ = {isa = PBXFileReference; explicitFileType = wrapper.cfbundle; includeInIndex = 0; path = EventoriasTests.xctest; sourceTree = BUILT_PRODUCTS_DIR; };
		AE3457712D68B0460077DFD1 /* EventoriasDataService.framework */ = {isa = PBXFileReference; explicitFileType = wrapper.framework; path = EventoriasDataService.framework; sourceTree = BUILT_PRODUCTS_DIR; };
		AE361BBA2D6A17AE002CBDFE /* GoogleService-Info.plist */ = {isa = PBXFileReference; lastKnownFileType = text.plist.xml; path = "GoogleService-Info.plist"; sourceTree = "<group>"; };
		AE47F9D92D6B2C5200378B68 /* Inter-VariableFont_opsz,wght.ttf */ = {isa = PBXFileReference; lastKnownFileType = file; path = "Inter-VariableFont_opsz,wght.ttf"; sourceTree = "<group>"; };
		AE6921752D6CAA3F00D25C60 /* Eventorias-Info.plist */ = {isa = PBXFileReference; lastKnownFileType = text.plist; path = "Eventorias-Info.plist"; sourceTree = "<group>"; };
/* End PBXFileReference section */

/* Begin PBXFileSystemSynchronizedRootGroup section */
		AE34570F2D688FCD0077DFD1 /* Sources */ = {
			isa = PBXFileSystemSynchronizedRootGroup;
			path = Sources;
			sourceTree = "<group>";
		};
		AE3457202D688FCE0077DFD1 /* EventoriasTests */ = {
			isa = PBXFileSystemSynchronizedRootGroup;
			path = EventoriasTests;
			sourceTree = "<group>";
		};
		AE34573C2D6890110077DFD1 /* Preview Content */ = {
			isa = PBXFileSystemSynchronizedRootGroup;
			path = "Preview Content";
			sourceTree = "<group>";
		};
/* End PBXFileSystemSynchronizedRootGroup section */

/* Begin PBXFrameworksBuildPhase section */
		AE34570A2D688FCD0077DFD1 /* Frameworks */ = {
			isa = PBXFrameworksBuildPhase;
			buildActionMask = 2147483647;
			files = (
				AE104D0C2D6A18D900028254 /* FirebaseAppDistribution-Beta in Frameworks */,
				AE104D0B2D6A18D900028254 /* FirebaseAppCheck in Frameworks */,
				AE104D0A2D6A18D900028254 /* FirebaseAnalyticsWithoutAdIdSupport in Frameworks */,
				AE104D092D6A18D900028254 /* FirebaseAnalyticsOnDeviceConversion in Frameworks */,
				AE104D082D6A18D900028254 /* FirebaseAnalytics in Frameworks */,
				AE104D1D2D6A193F00028254 /* FirebaseAuth in Frameworks */,
			);
			runOnlyForDeploymentPostprocessing = 0;
		};
		AE34571A2D688FCE0077DFD1 /* Frameworks */ = {
			isa = PBXFrameworksBuildPhase;
			buildActionMask = 2147483647;
			files = (
			);
			runOnlyForDeploymentPostprocessing = 0;
		};
/* End PBXFrameworksBuildPhase section */

/* Begin PBXGroup section */
		AE3457042D688FCD0077DFD1 = {
			isa = PBXGroup;
			children = (
				AE6921752D6CAA3F00D25C60 /* Eventorias-Info.plist */,
				AE361BBA2D6A17AE002CBDFE /* GoogleService-Info.plist */,
				AE34573A2D6890070077DFD1 /* Resources */,
				AE34570F2D688FCD0077DFD1 /* Sources */,
				AE3457202D688FCE0077DFD1 /* EventoriasTests */,
				AE3457702D68B0460077DFD1 /* Frameworks */,
				AE34570E2D688FCD0077DFD1 /* Products */,
			);
			sourceTree = "<group>";
		};
		AE34570E2D688FCD0077DFD1 /* Products */ = {
			isa = PBXGroup;
			children = (
				AE34570D2D688FCD0077DFD1 /* Eventorias.app */,
				AE34571D2D688FCE0077DFD1 /* EventoriasTests.xctest */,
			);
			name = Products;
			sourceTree = "<group>";
		};
		AE34573A2D6890070077DFD1 /* Resources */ = {
			isa = PBXGroup;
			children = (
				AE47F9D82D6B2C3B00378B68 /* Font */,
				AE34573C2D6890110077DFD1 /* Preview Content */,
				AE3457142D688FCE0077DFD1 /* Assets.xcassets */,
			);
			path = Resources;
			sourceTree = "<group>";
		};
		AE3457702D68B0460077DFD1 /* Frameworks */ = {
			isa = PBXGroup;
			children = (
				AE3457712D68B0460077DFD1 /* EventoriasDataService.framework */,
			);
			name = Frameworks;
			sourceTree = "<group>";
		};
		AE47F9D82D6B2C3B00378B68 /* Font */ = {
			isa = PBXGroup;
			children = (
				AE47F9D92D6B2C5200378B68 /* Inter-VariableFont_opsz,wght.ttf */,
			);
			path = Font;
			sourceTree = "<group>";
		};
/* End PBXGroup section */

/* Begin PBXNativeTarget section */
		AE34570C2D688FCD0077DFD1 /* Eventorias */ = {
			isa = PBXNativeTarget;
			buildConfigurationList = AE3457312D688FCE0077DFD1 /* Build configuration list for PBXNativeTarget "Eventorias" */;
			buildPhases = (
				AE3457092D688FCD0077DFD1 /* Sources */,
				AE34570A2D688FCD0077DFD1 /* Frameworks */,
				AE34570B2D688FCD0077DFD1 /* Resources */,
			);
			buildRules = (
			);
			dependencies = (
			);
			fileSystemSynchronizedGroups = (
				AE34570F2D688FCD0077DFD1 /* Sources */,
				AE34573C2D6890110077DFD1 /* Preview Content */,
			);
			name = Eventorias;
			packageProductDependencies = (
				AE3457492D6890E10077DFD1 /* FirebaseAnalytics */,
				AE34574B2D6890E10077DFD1 /* FirebaseAnalyticsOnDeviceConversion */,
				AE34574D2D6890E10077DFD1 /* FirebaseAnalyticsWithoutAdIdSupport */,
				AE34574F2D6890E10077DFD1 /* FirebaseAppCheck */,
				AE3457512D6890E10077DFD1 /* FirebaseAppDistribution-Beta */,
				AE104D1C2D6A193F00028254 /* FirebaseAuth */,
			);
			productName = Eventorias;
			productReference = AE34570D2D688FCD0077DFD1 /* Eventorias.app */;
			productType = "com.apple.product-type.application";
		};
		AE34571C2D688FCE0077DFD1 /* EventoriasTests */ = {
			isa = PBXNativeTarget;
			buildConfigurationList = AE3457342D688FCE0077DFD1 /* Build configuration list for PBXNativeTarget "EventoriasTests" */;
			buildPhases = (
				AE3457192D688FCE0077DFD1 /* Sources */,
				AE34571A2D688FCE0077DFD1 /* Frameworks */,
				AE34571B2D688FCE0077DFD1 /* Resources */,
			);
			buildRules = (
			);
			dependencies = (
				AE34571F2D688FCE0077DFD1 /* PBXTargetDependency */,
			);
			fileSystemSynchronizedGroups = (
				AE3457202D688FCE0077DFD1 /* EventoriasTests */,
			);
			name = EventoriasTests;
			packageProductDependencies = (
			);
			productName = EventoriasTests;
			productReference = AE34571D2D688FCE0077DFD1 /* EventoriasTests.xctest */;
			productType = "com.apple.product-type.bundle.unit-test";
		};
/* End PBXNativeTarget section */

/* Begin PBXProject section */
		AE3457052D688FCD0077DFD1 /* Project object */ = {
			isa = PBXProject;
			attributes = {
				BuildIndependentTargetsInParallel = 1;
				LastSwiftUpdateCheck = 1620;
				LastUpgradeCheck = 1620;
				TargetAttributes = {
					AE34570C2D688FCD0077DFD1 = {
						CreatedOnToolsVersion = 16.2;
					};
					AE34571C2D688FCE0077DFD1 = {
						CreatedOnToolsVersion = 16.2;
						TestTargetID = AE34570C2D688FCD0077DFD1;
					};
				};
			};
			buildConfigurationList = AE3457082D688FCD0077DFD1 /* Build configuration list for PBXProject "Eventorias" */;
			developmentRegion = en;
			hasScannedForEncodings = 0;
			knownRegions = (
				en,
				Base,
			);
			mainGroup = AE3457042D688FCD0077DFD1;
			minimizedProjectReferenceProxies = 1;
			packageReferences = (
				AE3457482D6890E10077DFD1 /* XCRemoteSwiftPackageReference "firebase-ios-sdk" */,
			);
			preferredProjectObjectVersion = 77;
			productRefGroup = AE34570E2D688FCD0077DFD1 /* Products */;
			projectDirPath = "";
			projectRoot = "";
			targets = (
				AE34570C2D688FCD0077DFD1 /* Eventorias */,
				AE34571C2D688FCE0077DFD1 /* EventoriasTests */,
			);
		};
/* End PBXProject section */

/* Begin PBXResourcesBuildPhase section */
		AE34570B2D688FCD0077DFD1 /* Resources */ = {
			isa = PBXResourcesBuildPhase;
			buildActionMask = 2147483647;
			files = (
				AE3457152D688FCE0077DFD1 /* Assets.xcassets in Resources */,
				AE47F9DA2D6B2C5200378B68 /* Inter-VariableFont_opsz,wght.ttf in Resources */,
				AE361BBB2D6A17AE002CBDFE /* GoogleService-Info.plist in Resources */,
			);
			runOnlyForDeploymentPostprocessing = 0;
		};
		AE34571B2D688FCE0077DFD1 /* Resources */ = {
			isa = PBXResourcesBuildPhase;
			buildActionMask = 2147483647;
			files = (
			);
			runOnlyForDeploymentPostprocessing = 0;
		};
/* End PBXResourcesBuildPhase section */

/* Begin PBXSourcesBuildPhase section */
		AE3457092D688FCD0077DFD1 /* Sources */ = {
			isa = PBXSourcesBuildPhase;
			buildActionMask = 2147483647;
			files = (
			);
			runOnlyForDeploymentPostprocessing = 0;
		};
		AE3457192D688FCE0077DFD1 /* Sources */ = {
			isa = PBXSourcesBuildPhase;
			buildActionMask = 2147483647;
			files = (
			);
			runOnlyForDeploymentPostprocessing = 0;
		};
/* End PBXSourcesBuildPhase section */

/* Begin PBXTargetDependency section */
		AE34571F2D688FCE0077DFD1 /* PBXTargetDependency */ = {
			isa = PBXTargetDependency;
			target = AE34570C2D688FCD0077DFD1 /* Eventorias */;
			targetProxy = AE34571E2D688FCE0077DFD1 /* PBXContainerItemProxy */;
		};
/* End PBXTargetDependency section */

/* Begin XCBuildConfiguration section */
		AE34572F2D688FCE0077DFD1 /* Debug */ = {
			isa = XCBuildConfiguration;
			buildSettings = {
				ALWAYS_SEARCH_USER_PATHS = NO;
				ASSETCATALOG_COMPILER_GENERATE_SWIFT_ASSET_SYMBOL_EXTENSIONS = YES;
				CLANG_ANALYZER_NONNULL = YES;
				CLANG_ANALYZER_NUMBER_OBJECT_CONVERSION = YES_AGGRESSIVE;
				CLANG_CXX_LANGUAGE_STANDARD = "gnu++20";
				CLANG_ENABLE_MODULES = YES;
				CLANG_ENABLE_OBJC_ARC = YES;
				CLANG_ENABLE_OBJC_WEAK = YES;
				CLANG_WARN_BLOCK_CAPTURE_AUTORELEASING = YES;
				CLANG_WARN_BOOL_CONVERSION = YES;
				CLANG_WARN_COMMA = YES;
				CLANG_WARN_CONSTANT_CONVERSION = YES;
				CLANG_WARN_DEPRECATED_OBJC_IMPLEMENTATIONS = YES;
				CLANG_WARN_DIRECT_OBJC_ISA_USAGE = YES_ERROR;
				CLANG_WARN_DOCUMENTATION_COMMENTS = YES;
				CLANG_WARN_EMPTY_BODY = YES;
				CLANG_WARN_ENUM_CONVERSION = YES;
				CLANG_WARN_INFINITE_RECURSION = YES;
				CLANG_WARN_INT_CONVERSION = YES;
				CLANG_WARN_NON_LITERAL_NULL_CONVERSION = YES;
				CLANG_WARN_OBJC_IMPLICIT_RETAIN_SELF = YES;
				CLANG_WARN_OBJC_LITERAL_CONVERSION = YES;
				CLANG_WARN_OBJC_ROOT_CLASS = YES_ERROR;
				CLANG_WARN_QUOTED_INCLUDE_IN_FRAMEWORK_HEADER = YES;
				CLANG_WARN_RANGE_LOOP_ANALYSIS = YES;
				CLANG_WARN_STRICT_PROTOTYPES = YES;
				CLANG_WARN_SUSPICIOUS_MOVE = YES;
				CLANG_WARN_UNGUARDED_AVAILABILITY = YES_AGGRESSIVE;
				CLANG_WARN_UNREACHABLE_CODE = YES;
				CLANG_WARN__DUPLICATE_METHOD_MATCH = YES;
				COPY_PHASE_STRIP = NO;
				DEBUG_INFORMATION_FORMAT = dwarf;
				ENABLE_STRICT_OBJC_MSGSEND = YES;
				ENABLE_TESTABILITY = YES;
				ENABLE_USER_SCRIPT_SANDBOXING = YES;
				GCC_C_LANGUAGE_STANDARD = gnu17;
				GCC_DYNAMIC_NO_PIC = NO;
				GCC_NO_COMMON_BLOCKS = YES;
				GCC_OPTIMIZATION_LEVEL = 0;
				GCC_PREPROCESSOR_DEFINITIONS = (
					"DEBUG=1",
					"$(inherited)",
				);
				GCC_WARN_64_TO_32_BIT_CONVERSION = YES;
				GCC_WARN_ABOUT_RETURN_TYPE = YES_ERROR;
				GCC_WARN_UNDECLARED_SELECTOR = YES;
				GCC_WARN_UNINITIALIZED_AUTOS = YES_AGGRESSIVE;
				GCC_WARN_UNUSED_FUNCTION = YES;
				GCC_WARN_UNUSED_VARIABLE = YES;
				IPHONEOS_DEPLOYMENT_TARGET = 18.2;
				LOCALIZATION_PREFERS_STRING_CATALOGS = YES;
				MTL_ENABLE_DEBUG_INFO = INCLUDE_SOURCE;
				MTL_FAST_MATH = YES;
				ONLY_ACTIVE_ARCH = YES;
				SDKROOT = iphoneos;
				SWIFT_ACTIVE_COMPILATION_CONDITIONS = "DEBUG $(inherited)";
				SWIFT_OPTIMIZATION_LEVEL = "-Onone";
			};
			name = Debug;
		};
		AE3457302D688FCE0077DFD1 /* Release */ = {
			isa = XCBuildConfiguration;
			buildSettings = {
				ALWAYS_SEARCH_USER_PATHS = NO;
				ASSETCATALOG_COMPILER_GENERATE_SWIFT_ASSET_SYMBOL_EXTENSIONS = YES;
				CLANG_ANALYZER_NONNULL = YES;
				CLANG_ANALYZER_NUMBER_OBJECT_CONVERSION = YES_AGGRESSIVE;
				CLANG_CXX_LANGUAGE_STANDARD = "gnu++20";
				CLANG_ENABLE_MODULES = YES;
				CLANG_ENABLE_OBJC_ARC = YES;
				CLANG_ENABLE_OBJC_WEAK = YES;
				CLANG_WARN_BLOCK_CAPTURE_AUTORELEASING = YES;
				CLANG_WARN_BOOL_CONVERSION = YES;
				CLANG_WARN_COMMA = YES;
				CLANG_WARN_CONSTANT_CONVERSION = YES;
				CLANG_WARN_DEPRECATED_OBJC_IMPLEMENTATIONS = YES;
				CLANG_WARN_DIRECT_OBJC_ISA_USAGE = YES_ERROR;
				CLANG_WARN_DOCUMENTATION_COMMENTS = YES;
				CLANG_WARN_EMPTY_BODY = YES;
				CLANG_WARN_ENUM_CONVERSION = YES;
				CLANG_WARN_INFINITE_RECURSION = YES;
				CLANG_WARN_INT_CONVERSION = YES;
				CLANG_WARN_NON_LITERAL_NULL_CONVERSION = YES;
				CLANG_WARN_OBJC_IMPLICIT_RETAIN_SELF = YES;
				CLANG_WARN_OBJC_LITERAL_CONVERSION = YES;
				CLANG_WARN_OBJC_ROOT_CLASS = YES_ERROR;
				CLANG_WARN_QUOTED_INCLUDE_IN_FRAMEWORK_HEADER = YES;
				CLANG_WARN_RANGE_LOOP_ANALYSIS = YES;
				CLANG_WARN_STRICT_PROTOTYPES = YES;
				CLANG_WARN_SUSPICIOUS_MOVE = YES;
				CLANG_WARN_UNGUARDED_AVAILABILITY = YES_AGGRESSIVE;
				CLANG_WARN_UNREACHABLE_CODE = YES;
				CLANG_WARN__DUPLICATE_METHOD_MATCH = YES;
				COPY_PHASE_STRIP = NO;
				DEBUG_INFORMATION_FORMAT = "dwarf-with-dsym";
				ENABLE_NS_ASSERTIONS = NO;
				ENABLE_STRICT_OBJC_MSGSEND = YES;
				ENABLE_USER_SCRIPT_SANDBOXING = YES;
				GCC_C_LANGUAGE_STANDARD = gnu17;
				GCC_NO_COMMON_BLOCKS = YES;
				GCC_WARN_64_TO_32_BIT_CONVERSION = YES;
				GCC_WARN_ABOUT_RETURN_TYPE = YES_ERROR;
				GCC_WARN_UNDECLARED_SELECTOR = YES;
				GCC_WARN_UNINITIALIZED_AUTOS = YES_AGGRESSIVE;
				GCC_WARN_UNUSED_FUNCTION = YES;
				GCC_WARN_UNUSED_VARIABLE = YES;
				IPHONEOS_DEPLOYMENT_TARGET = 18.2;
				LOCALIZATION_PREFERS_STRING_CATALOGS = YES;
				MTL_ENABLE_DEBUG_INFO = NO;
				MTL_FAST_MATH = YES;
				SDKROOT = iphoneos;
				SWIFT_COMPILATION_MODE = wholemodule;
				VALIDATE_PRODUCT = YES;
			};
			name = Release;
		};
		AE3457322D688FCE0077DFD1 /* Debug */ = {
			isa = XCBuildConfiguration;
			buildSettings = {
				ASSETCATALOG_COMPILER_APPICON_NAME = AppIcon;
				ASSETCATALOG_COMPILER_GLOBAL_ACCENT_COLOR_NAME = AccentColor;
				CODE_SIGN_STYLE = Automatic;
				CURRENT_PROJECT_VERSION = 1;
				DEVELOPMENT_ASSET_PATHS = "\"Resources/Preview Content\"";
				DEVELOPMENT_TEAM = FQJ5XK4959;
				ENABLE_PREVIEWS = YES;
				GENERATE_INFOPLIST_FILE = YES;
				INFOPLIST_FILE = "Eventorias-Info.plist";
				INFOPLIST_KEY_UIApplicationSceneManifest_Generation = YES;
				INFOPLIST_KEY_UIApplicationSupportsIndirectInputEvents = YES;
				INFOPLIST_KEY_UILaunchScreen_Generation = YES;
				INFOPLIST_KEY_UISupportedInterfaceOrientations_iPad = "UIInterfaceOrientationPortrait UIInterfaceOrientationPortraitUpsideDown UIInterfaceOrientationLandscapeLeft UIInterfaceOrientationLandscapeRight";
				INFOPLIST_KEY_UISupportedInterfaceOrientations_iPhone = "UIInterfaceOrientationPortrait UIInterfaceOrientationLandscapeLeft UIInterfaceOrientationLandscapeRight";
				LD_RUNPATH_SEARCH_PATHS = (
					"$(inherited)",
					"@executable_path/Frameworks",
				);
				MARKETING_VERSION = 1.0;
				PRODUCT_BUNDLE_IDENTIFIER = com.openclassrooms.Eventorias;
				PRODUCT_NAME = "$(TARGET_NAME)";
				SWIFT_EMIT_LOC_STRINGS = YES;
				SWIFT_VERSION = 5.0;
				TARGETED_DEVICE_FAMILY = "1,2";
			};
			name = Debug;
		};
		AE3457332D688FCE0077DFD1 /* Release */ = {
			isa = XCBuildConfiguration;
			buildSettings = {
				ASSETCATALOG_COMPILER_APPICON_NAME = AppIcon;
				ASSETCATALOG_COMPILER_GLOBAL_ACCENT_COLOR_NAME = AccentColor;
				CODE_SIGN_STYLE = Automatic;
				CURRENT_PROJECT_VERSION = 1;
				DEVELOPMENT_ASSET_PATHS = "\"Resources/Preview Content\"";
				DEVELOPMENT_TEAM = FQJ5XK4959;
				ENABLE_PREVIEWS = YES;
				GENERATE_INFOPLIST_FILE = YES;
				INFOPLIST_FILE = "Eventorias-Info.plist";
				INFOPLIST_KEY_UIApplicationSceneManifest_Generation = YES;
				INFOPLIST_KEY_UIApplicationSupportsIndirectInputEvents = YES;
				INFOPLIST_KEY_UILaunchScreen_Generation = YES;
				INFOPLIST_KEY_UISupportedInterfaceOrientations_iPad = "UIInterfaceOrientationPortrait UIInterfaceOrientationPortraitUpsideDown UIInterfaceOrientationLandscapeLeft UIInterfaceOrientationLandscapeRight";
				INFOPLIST_KEY_UISupportedInterfaceOrientations_iPhone = "UIInterfaceOrientationPortrait UIInterfaceOrientationLandscapeLeft UIInterfaceOrientationLandscapeRight";
				LD_RUNPATH_SEARCH_PATHS = (
					"$(inherited)",
					"@executable_path/Frameworks",
				);
				MARKETING_VERSION = 1.0;
				PRODUCT_BUNDLE_IDENTIFIER = com.openclassrooms.Eventorias;
				PRODUCT_NAME = "$(TARGET_NAME)";
				SWIFT_EMIT_LOC_STRINGS = YES;
				SWIFT_VERSION = 5.0;
				TARGETED_DEVICE_FAMILY = "1,2";
			};
			name = Release;
		};
		AE3457352D688FCE0077DFD1 /* Debug */ = {
			isa = XCBuildConfiguration;
			buildSettings = {
				BUNDLE_LOADER = "$(TEST_HOST)";
				CODE_SIGN_STYLE = Automatic;
				CURRENT_PROJECT_VERSION = 1;
				DEVELOPMENT_TEAM = FQJ5XK4959;
				GENERATE_INFOPLIST_FILE = YES;
				IPHONEOS_DEPLOYMENT_TARGET = 18.2;
				MARKETING_VERSION = 1.0;
				PRODUCT_BUNDLE_IDENTIFIER = com.openclassrooms.EventoriasTests;
				PRODUCT_NAME = "$(TARGET_NAME)";
				SWIFT_EMIT_LOC_STRINGS = NO;
				SWIFT_VERSION = 5.0;
				TARGETED_DEVICE_FAMILY = "1,2";
				TEST_HOST = "$(BUILT_PRODUCTS_DIR)/Eventorias.app/$(BUNDLE_EXECUTABLE_FOLDER_PATH)/Eventorias";
			};
			name = Debug;
		};
		AE3457362D688FCE0077DFD1 /* Release */ = {
			isa = XCBuildConfiguration;
			buildSettings = {
				BUNDLE_LOADER = "$(TEST_HOST)";
				CODE_SIGN_STYLE = Automatic;
				CURRENT_PROJECT_VERSION = 1;
				DEVELOPMENT_TEAM = FQJ5XK4959;
				GENERATE_INFOPLIST_FILE = YES;
				IPHONEOS_DEPLOYMENT_TARGET = 18.2;
				MARKETING_VERSION = 1.0;
				PRODUCT_BUNDLE_IDENTIFIER = com.openclassrooms.EventoriasTests;
				PRODUCT_NAME = "$(TARGET_NAME)";
				SWIFT_EMIT_LOC_STRINGS = NO;
				SWIFT_VERSION = 5.0;
				TARGETED_DEVICE_FAMILY = "1,2";
				TEST_HOST = "$(BUILT_PRODUCTS_DIR)/Eventorias.app/$(BUNDLE_EXECUTABLE_FOLDER_PATH)/Eventorias";
			};
			name = Release;
		};
/* End XCBuildConfiguration section */

/* Begin XCConfigurationList section */
		AE3457082D688FCD0077DFD1 /* Build configuration list for PBXProject "Eventorias" */ = {
			isa = XCConfigurationList;
			buildConfigurations = (
				AE34572F2D688FCE0077DFD1 /* Debug */,
				AE3457302D688FCE0077DFD1 /* Release */,
			);
			defaultConfigurationIsVisible = 0;
			defaultConfigurationName = Release;
		};
		AE3457312D688FCE0077DFD1 /* Build configuration list for PBXNativeTarget "Eventorias" */ = {
			isa = XCConfigurationList;
			buildConfigurations = (
				AE3457322D688FCE0077DFD1 /* Debug */,
				AE3457332D688FCE0077DFD1 /* Release */,
			);
			defaultConfigurationIsVisible = 0;
			defaultConfigurationName = Release;
		};
		AE3457342D688FCE0077DFD1 /* Build configuration list for PBXNativeTarget "EventoriasTests" */ = {
			isa = XCConfigurationList;
			buildConfigurations = (
				AE3457352D688FCE0077DFD1 /* Debug */,
				AE3457362D688FCE0077DFD1 /* Release */,
			);
			defaultConfigurationIsVisible = 0;
			defaultConfigurationName = Release;
		};
/* End XCConfigurationList section */

/* Begin XCRemoteSwiftPackageReference section */
		AE3457482D6890E10077DFD1 /* XCRemoteSwiftPackageReference "firebase-ios-sdk" */ = {
			isa = XCRemoteSwiftPackageReference;
			repositoryURL = "https://github.com/firebase/firebase-ios-sdk";
			requirement = {
				kind = upToNextMajorVersion;
				minimumVersion = 11.8.1;
			};
		};
/* End XCRemoteSwiftPackageReference section */

/* Begin XCSwiftPackageProductDependency section */
		AE104D1C2D6A193F00028254 /* FirebaseAuth */ = {
			isa = XCSwiftPackageProductDependency;
			package = AE3457482D6890E10077DFD1 /* XCRemoteSwiftPackageReference "firebase-ios-sdk" */;
			productName = FirebaseAuth;
		};
		AE3457492D6890E10077DFD1 /* FirebaseAnalytics */ = {
			isa = XCSwiftPackageProductDependency;
			package = AE3457482D6890E10077DFD1 /* XCRemoteSwiftPackageReference "firebase-ios-sdk" */;
			productName = FirebaseAnalytics;
		};
		AE34574B2D6890E10077DFD1 /* FirebaseAnalyticsOnDeviceConversion */ = {
			isa = XCSwiftPackageProductDependency;
			package = AE3457482D6890E10077DFD1 /* XCRemoteSwiftPackageReference "firebase-ios-sdk" */;
			productName = FirebaseAnalyticsOnDeviceConversion;
		};
		AE34574D2D6890E10077DFD1 /* FirebaseAnalyticsWithoutAdIdSupport */ = {
			isa = XCSwiftPackageProductDependency;
			package = AE3457482D6890E10077DFD1 /* XCRemoteSwiftPackageReference "firebase-ios-sdk" */;
			productName = FirebaseAnalyticsWithoutAdIdSupport;
		};
		AE34574F2D6890E10077DFD1 /* FirebaseAppCheck */ = {
			isa = XCSwiftPackageProductDependency;
			package = AE3457482D6890E10077DFD1 /* XCRemoteSwiftPackageReference "firebase-ios-sdk" */;
			productName = FirebaseAppCheck;
		};
		AE3457512D6890E10077DFD1 /* FirebaseAppDistribution-Beta */ = {
			isa = XCSwiftPackageProductDependency;
			package = AE3457482D6890E10077DFD1 /* XCRemoteSwiftPackageReference "firebase-ios-sdk" */;
			productName = "FirebaseAppDistribution-Beta";
		};
/* End XCSwiftPackageProductDependency section */
	};
	rootObject = AE3457052D688FCD0077DFD1 /* Project object */;
}
